
Microsoft Visual Studio Solution File, Format Version 12.00
# Visual Studio 15
VisualStudioVersion = 15.0.28010.2036
MinimumVisualStudioVersion = 10.0.40219.1
Project("{8BC9CEB8-8B4A-11D0-8D11-00A0C91BC942}") = "http", "lab6\lab6.vcxproj", "{01809BD0-FB9B-44D4-9BCB-6A09243FA275}"
EndProject
Project("{8BC9CEB8-8B4A-11D0-8D11-00A0C91BC942}") = "httpTest", "httpTest\httpTest.vcxproj", "{E30EFC44-2007-4669-93FC-97A67F344FC5}"
EndProject
Global
	GlobalSection(SolutionConfigurationPlatforms) = preSolution
		Debug|x64 = Debug|x64
		Debug|x86 = Debug|x86
		Release|x64 = Release|x64
		Release|x86 = Release|x86
	EndGlobalSection
	GlobalSection(ProjectConfigurationPlatforms) = postSolution
		{01809BD0-FB9B-44D4-9BCB-6A09243FA275}.Debug|x64.ActiveCfg = Debug|x64
		{01809BD0-FB9B-44D4-9BCB-6A09243FA275}.Debug|x64.Build.0 = Debug|x64
		{01809BD0-FB9B-44D4-9BCB-6A09243FA275}.Debug|x86.ActiveCfg = Debug|Win32
		{01809BD0-FB9B-44D4-9BCB-6A09243FA275}.Debug|x86.Build.0 = Debug|Win32
		{01809BD0-FB9B-44D4-9BCB-6A09243FA275}.Release|x64.ActiveCfg = Release|x64
		{01809BD0-FB9B-44D4-9BCB-6A09243FA275}.Release|x64.Build.0 = Release|x64
		{01809BD0-FB9B-44D4-9BCB-6A09243FA275}.Release|x86.ActiveCfg = Release|Win32
		{01809BD0-FB9B-44D4-9BCB-6A09243FA275}.Release|x86.Build.0 = Release|Win32
		{E30EFC44-2007-4669-93FC-97A67F344FC5}.Debug|x64.ActiveCfg = Debug|x64
		{E30EFC44-2007-4669-93FC-97A67F344FC5}.Debug|x64.Build.0 = Debug|x64
		{E30EFC44-2007-4669-93FC-97A67F344FC5}.Debug|x86.ActiveCfg = Debug|Win32
		{E30EFC44-2007-4669-93FC-97A67F344FC5}.Debug|x86.Build.0 = Debug|Win32
		{E30EFC44-2007-4669-93FC-97A67F344FC5}.Release|x64.ActiveCfg = Release|x64
		{E30EFC44-2007-4669-93FC-97A67F344FC5}.Release|x64.Build.0 = Release|x64
		{E30EFC44-2007-4669-93FC-97A67F344FC5}.Release|x86.ActiveCfg = Release|Win32
		{E30EFC44-2007-4669-93FC-97A67F344FC5}.Release|x86.Build.0 = Release|Win32
	EndGlobalSection
	GlobalSection(SolutionProperties) = preSolution
		HideSolutionNode = FALSE
	EndGlobalSection
	GlobalSection(ExtensibilityGlobals) = postSolution
		SolutionGuid = {ABCFBA43-B1E1-4A86-AB75-C59CE57DA62A}
	EndGlobalSection
EndGlobal
